
Microsoft Visual Studio Solution File, Format Version 12.00
# Visual Studio Version 17
VisualStudioVersion = 17.6.33829.357
MinimumVisualStudioVersion = 10.0.40219.1
Project("{FAE04EC0-301F-11D3-BF4B-00C04F79EFBC}") = "stm3220g_eval_pc", "stm3220g_eval_pc.csproj", "{423EEC79-76C8-46C5-BA81-A290248B043A}"
EndProject
Global
	GlobalSection(SolutionConfigurationPlatforms) = preSolution
		Debug|Any CPU = Debug|Any CPU
		Release|Any CPU = Release|Any CPU
	EndGlobalSection
	GlobalSection(ProjectConfigurationPlatforms) = postSolution
		{423EEC79-76C8-46C5-BA81-A290248B043A}.Debug|Any CPU.ActiveCfg = Debug|Any CPU
		{423EEC79-76C8-46C5-BA81-A290248B043A}.Debug|Any CPU.Build.0 = Debug|Any CPU
		{423EEC79-76C8-46C5-BA81-A290248B043A}.Release|Any CPU.ActiveCfg = Release|Any CPU
		{423EEC79-76C8-46C5-BA81-A290248B043A}.Release|Any CPU.Build.0 = Release|Any CPU
	EndGlobalSection
	GlobalSection(SolutionProperties) = preSolution
		HideSolutionNode = FALSE
	EndGlobalSection
	GlobalSection(ExtensibilityGlobals) = postSolution
		SolutionGuid = {E581A164-DDD0-48F9-9120-3918CF6BA3F7}
	EndGlobalSection
EndGlobal
